NeoBundleLock indentLine 942fea03e62695108a303c5c08644d02ca1a90e5
NeoBundleLock lightline.vim 059888ab650fa192dd441e52bd9f41f08b247529
NeoBundleLock neobundle.vim 88951d60547595606ea0ca8f28f643d2506f2714
NeoBundleLock vim-hybrid cc58baabeabc7b83768e25b852bf89c34756bf90
NeoBundleLock vim-trailing-whitespace 733fb64337b6da4a51c85a43450cd620d8b617b5
